
Microsoft Visual Studio Solution File, Format Version 12.00
# Visual Studio Express 2012 for Web
Project("{FAE04EC0-301F-11D3-BF4B-00C04F79EFBC}") = "NewDayNewLeaf", "NewDayNewLeaf\NewDayNewLeaf.csproj", "{19A51EA7-7A18-41C2-8412-1E8393F597DE}"
EndProject
Global
	GlobalSection(SolutionConfigurationPlatforms) = preSolution
		Debug|Any CPU = Debug|Any CPU
		Release|Any CPU = Release|Any CPU
	EndGlobalSection
	GlobalSection(ProjectConfigurationPlatforms) = postSolution
		{19A51EA7-7A18-41C2-8412-1E8393F597DE}.Debug|Any CPU.ActiveCfg = Debug|Any CPU
		{19A51EA7-7A18-41C2-8412-1E8393F597DE}.Debug|Any CPU.Build.0 = Debug|Any CPU
		{19A51EA7-7A18-41C2-8412-1E8393F597DE}.Release|Any CPU.ActiveCfg = Release|Any CPU
		{19A51EA7-7A18-41C2-8412-1E8393F597DE}.Release|Any CPU.Build.0 = Release|Any CPU
	EndGlobalSection
	GlobalSection(SolutionProperties) = preSolution
		HideSolutionNode = FALSE
	EndGlobalSection
EndGlobal
